
Microsoft Visual Studio Solution File, Format Version 12.00
# Visual Studio Version 17
VisualStudioVersion = 17.3.32922.545
MinimumVisualStudioVersion = 10.0.40219.1
Project("{2150E333-8FDC-42A3-9474-1A3956D46DE8}") = "examples", "examples", "{7BC6576E-5066-4533-8988-F81E9B913044}"
EndProject
Project("{2150E333-8FDC-42A3-9474-1A3956D46DE8}") = "src", "src", "{54FCF0DF-26A8-4D09-8B37-D2EBF7C148F7}"
EndProject
Project("{2150E333-8FDC-42A3-9474-1A3956D46DE8}") = "test", "test", "{939BB6B9-4D52-4E72-A2B3-A94CDD8CAB76}"
EndProject
Project("{2150E333-8FDC-42A3-9474-1A3956D46DE8}") = "resources", "resources", "{C0A1CB87-B9D7-450A-9CC9-48E7BD02CF2F}"
EndProject
Project("{2150E333-8FDC-42A3-9474-1A3956D46DE8}") = "docs", "docs", "{850F9646-E5D2-4835-B09B-C9756E51F1CC}"
EndProject
Project("{2150E333-8FDC-42A3-9474-1A3956D46DE8}") = "shared", "shared", "{96BFB6B8-F293-4508-8468-19758AA377C0}"
EndProject
Project("{2150E333-8FDC-42A3-9474-1A3956D46DE8}") = "server", "server", "{7A048EA6-D0C0-4A71-8D95-294B8862219C}"
EndProject
Project("{2150E333-8FDC-42A3-9474-1A3956D46DE8}") = "client", "client", "{CAA2CC13-C8BF-4D94-8DAC-1BD4F3BE2E15}"
EndProject
Project("{2150E333-8FDC-42A3-9474-1A3956D46DE8}") = "server", "server", "{6037706F-375D-4E37-8A80-5F97E7ED4A4B}"
EndProject
Project("{9A19103F-16F7-4668-BE54-9A1E7A4F7556}") = "Arrakis", "src\shared\Arrakis\Arrakis.csproj", "{D1907D2C-CB8C-4EEE-B9BD-4C5E99443FE3}"
EndProject
Project("{FAE04EC0-301F-11D3-BF4B-00C04F79EFBC}") = "Arrakins.Data", "src\shared\Arrakins.Data\Arrakins.Data.csproj", "{EDD63015-7AF3-431F-AB7C-55647C5FD2DA}"
EndProject
Global
	GlobalSection(SolutionConfigurationPlatforms) = preSolution
		Debug|Any CPU = Debug|Any CPU
		Release|Any CPU = Release|Any CPU
	EndGlobalSection
	GlobalSection(ProjectConfigurationPlatforms) = postSolution
		{D1907D2C-CB8C-4EEE-B9BD-4C5E99443FE3}.Debug|Any CPU.ActiveCfg = Debug|Any CPU
		{D1907D2C-CB8C-4EEE-B9BD-4C5E99443FE3}.Debug|Any CPU.Build.0 = Debug|Any CPU
		{D1907D2C-CB8C-4EEE-B9BD-4C5E99443FE3}.Release|Any CPU.ActiveCfg = Release|Any CPU
		{D1907D2C-CB8C-4EEE-B9BD-4C5E99443FE3}.Release|Any CPU.Build.0 = Release|Any CPU
		{EDD63015-7AF3-431F-AB7C-55647C5FD2DA}.Debug|Any CPU.ActiveCfg = Debug|Any CPU
		{EDD63015-7AF3-431F-AB7C-55647C5FD2DA}.Debug|Any CPU.Build.0 = Debug|Any CPU
		{EDD63015-7AF3-431F-AB7C-55647C5FD2DA}.Release|Any CPU.ActiveCfg = Release|Any CPU
		{EDD63015-7AF3-431F-AB7C-55647C5FD2DA}.Release|Any CPU.Build.0 = Release|Any CPU
	EndGlobalSection
	GlobalSection(SolutionProperties) = preSolution
		HideSolutionNode = FALSE
	EndGlobalSection
	GlobalSection(NestedProjects) = preSolution
		{96BFB6B8-F293-4508-8468-19758AA377C0} = {54FCF0DF-26A8-4D09-8B37-D2EBF7C148F7}
		{7A048EA6-D0C0-4A71-8D95-294B8862219C} = {54FCF0DF-26A8-4D09-8B37-D2EBF7C148F7}
		{CAA2CC13-C8BF-4D94-8DAC-1BD4F3BE2E15} = {54FCF0DF-26A8-4D09-8B37-D2EBF7C148F7}
		{6037706F-375D-4E37-8A80-5F97E7ED4A4B} = {7BC6576E-5066-4533-8988-F81E9B913044}
		{D1907D2C-CB8C-4EEE-B9BD-4C5E99443FE3} = {96BFB6B8-F293-4508-8468-19758AA377C0}
		{EDD63015-7AF3-431F-AB7C-55647C5FD2DA} = {96BFB6B8-F293-4508-8468-19758AA377C0}
	EndGlobalSection
	GlobalSection(ExtensibilityGlobals) = postSolution
		SolutionGuid = {55C5B8B2-F2FF-4CD5-9485-27735C8C9742}
	EndGlobalSection
EndGlobal
